
Microsoft Visual Studio Solution File, Format Version 12.00
# Visual Studio Version 17
VisualStudioVersion = 17.9.34607.119
MinimumVisualStudioVersion = 10.0.40219.1
Project("{FAE04EC0-301F-11D3-BF4B-00C04F79EFBC}") = "CodeGameApplication", "CodeGameApplication.csproj", "{F6BCFB52-7254-4CF0-91A5-F61EEE886FB0}"
EndProject
Global
	GlobalSection(SolutionConfigurationPlatforms) = preSolution
		Debug|Any CPU = Debug|Any CPU
		Release|Any CPU = Release|Any CPU
	EndGlobalSection
	GlobalSection(ProjectConfigurationPlatforms) = postSolution
		{F6BCFB52-7254-4CF0-91A5-F61EEE886FB0}.Debug|Any CPU.ActiveCfg = Debug|Any CPU
		{F6BCFB52-7254-4CF0-91A5-F61EEE886FB0}.Debug|Any CPU.Build.0 = Debug|Any CPU
		{F6BCFB52-7254-4CF0-91A5-F61EEE886FB0}.Debug|Any CPU.Deploy.0 = Debug|Any CPU
		{F6BCFB52-7254-4CF0-91A5-F61EEE886FB0}.Release|Any CPU.ActiveCfg = Release|Any CPU
		{F6BCFB52-7254-4CF0-91A5-F61EEE886FB0}.Release|Any CPU.Build.0 = Release|Any CPU
		{F6BCFB52-7254-4CF0-91A5-F61EEE886FB0}.Release|Any CPU.Deploy.0 = Release|Any CPU
	EndGlobalSection
	GlobalSection(SolutionProperties) = preSolution
		HideSolutionNode = FALSE
	EndGlobalSection
	GlobalSection(ExtensibilityGlobals) = postSolution
		SolutionGuid = {509BE1CA-96FB-49CA-8998-8840D461BF38}
	EndGlobalSection
EndGlobal
